
Microsoft Visual Studio Solution File, Format Version 12.00
# Visual Studio 15
VisualStudioVersion = 15.0.27130.2010
MinimumVisualStudioVersion = 10.0.40219.1
Project("{FAE04EC0-301F-11D3-BF4B-00C04F79EFBC}") = "JoinEnumberableWithCommaAndAnd", "JoinEnumerableWithCommaAndAnd\JoinEnumberableWithCommaAndAnd.csproj", "{61516389-8693-4D02-A1FF-D57E72E67449}"
EndProject
Global
	GlobalSection(SolutionConfigurationPlatforms) = preSolution
		Debug|Any CPU = Debug|Any CPU
		Release|Any CPU = Release|Any CPU
	EndGlobalSection
	GlobalSection(ProjectConfigurationPlatforms) = postSolution
		{61516389-8693-4D02-A1FF-D57E72E67449}.Debug|Any CPU.ActiveCfg = Debug|Any CPU
		{61516389-8693-4D02-A1FF-D57E72E67449}.Debug|Any CPU.Build.0 = Debug|Any CPU
		{61516389-8693-4D02-A1FF-D57E72E67449}.Release|Any CPU.ActiveCfg = Release|Any CPU
		{61516389-8693-4D02-A1FF-D57E72E67449}.Release|Any CPU.Build.0 = Release|Any CPU
	EndGlobalSection
	GlobalSection(SolutionProperties) = preSolution
		HideSolutionNode = FALSE
	EndGlobalSection
	GlobalSection(ExtensibilityGlobals) = postSolution
		SolutionGuid = {B64E00EF-5FBA-4A22-8F32-BFFF98AAEA78}
	EndGlobalSection
EndGlobal
